
Microsoft Visual Studio Solution File, Format Version 12.00
# Visual Studio Version 17
VisualStudioVersion = 17.3.32505.426
MinimumVisualStudioVersion = 10.0.40219.1
Project("{8BC9CEB8-8B4A-11D0-8D11-00A0C91BC942}") = "Low Priority Prop Restore", "Low Priority Prop Restore.vcxproj", "{87DD1AEA-C86C-4E7B-9211-DEB2543BE083}"
EndProject
Global
	GlobalSection(SolutionConfigurationPlatforms) = preSolution
		Debug|x64 = Debug|x64
		Debug|x86 = Debug|x86
		Release|x64 = Release|x64
		Release|x86 = Release|x86
	EndGlobalSection
	GlobalSection(ProjectConfigurationPlatforms) = postSolution
		{87DD1AEA-C86C-4E7B-9211-DEB2543BE083}.Debug|x64.ActiveCfg = Debug|x64
		{87DD1AEA-C86C-4E7B-9211-DEB2543BE083}.Debug|x64.Build.0 = Debug|x64
		{87DD1AEA-C86C-4E7B-9211-DEB2543BE083}.Debug|x86.ActiveCfg = Debug|Win32
		{87DD1AEA-C86C-4E7B-9211-DEB2543BE083}.Debug|x86.Build.0 = Debug|Win32
		{87DD1AEA-C86C-4E7B-9211-DEB2543BE083}.Release|x64.ActiveCfg = Release|x64
		{87DD1AEA-C86C-4E7B-9211-DEB2543BE083}.Release|x64.Build.0 = Release|x64
		{87DD1AEA-C86C-4E7B-9211-DEB2543BE083}.Release|x86.ActiveCfg = Release|Win32
		{87DD1AEA-C86C-4E7B-9211-DEB2543BE083}.Release|x86.Build.0 = Release|Win32
	EndGlobalSection
	GlobalSection(SolutionProperties) = preSolution
		HideSolutionNode = FALSE
	EndGlobalSection
	GlobalSection(ExtensibilityGlobals) = postSolution
		SolutionGuid = {E1F1990F-A8FC-423E-8F35-68B12BB452B3}
	EndGlobalSection
EndGlobal
